
Microsoft Visual Studio Solution File, Format Version 12.00
# Visual Studio 14
VisualStudioVersion = 14.0.25123.0
MinimumVisualStudioVersion = 10.0.40219.1
Project("{FAE04EC0-301F-11D3-BF4B-00C04F79EFBC}") = "NITW Dialogue Tool", "NITW Dialogue Tool\NITW Dialogue Tool.csproj", "{DDC1273D-1DEA-4932-89C5-0A9CD6ED3DDD}"
EndProject
Global
	GlobalSection(SolutionConfigurationPlatforms) = preSolution
		Debug|Any CPU = Debug|Any CPU
		Release|Any CPU = Release|Any CPU
	EndGlobalSection
	GlobalSection(ProjectConfigurationPlatforms) = postSolution
		{DDC1273D-1DEA-4932-89C5-0A9CD6ED3DDD}.Debug|Any CPU.ActiveCfg = Debug|Any CPU
		{DDC1273D-1DEA-4932-89C5-0A9CD6ED3DDD}.Debug|Any CPU.Build.0 = Debug|Any CPU
		{DDC1273D-1DEA-4932-89C5-0A9CD6ED3DDD}.Release|Any CPU.ActiveCfg = Release|Any CPU
		{DDC1273D-1DEA-4932-89C5-0A9CD6ED3DDD}.Release|Any CPU.Build.0 = Release|Any CPU
	EndGlobalSection
	GlobalSection(SolutionProperties) = preSolution
		HideSolutionNode = FALSE
	EndGlobalSection
EndGlobal
